
Microsoft Visual Studio Solution File, Format Version 12.00
# Visual Studio Version 16
VisualStudioVersion = 16.0.30225.117
MinimumVisualStudioVersion = 10.0.40219.1
Project("{9A19103F-16F7-4668-BE54-9A1E7A4F7556}") = "ItemsApp.API", "ItemsApp.API.csproj", "{96AE7721-E7F4-4BD7-A8F8-0993CEFBBA2E}"
EndProject
Project("{9A19103F-16F7-4668-BE54-9A1E7A4F7556}") = "ItemsApp.Tests", "..\ItemsApp.Tests\ItemsApp.Tests.csproj", "{E350E663-5A63-4DD7-91E6-68F26B173967}"
EndProject
Global
	GlobalSection(SolutionConfigurationPlatforms) = preSolution
		Debug|Any CPU = Debug|Any CPU
		Release|Any CPU = Release|Any CPU
	EndGlobalSection
	GlobalSection(ProjectConfigurationPlatforms) = postSolution
		{96AE7721-E7F4-4BD7-A8F8-0993CEFBBA2E}.Debug|Any CPU.ActiveCfg = Debug|Any CPU
		{96AE7721-E7F4-4BD7-A8F8-0993CEFBBA2E}.Debug|Any CPU.Build.0 = Debug|Any CPU
		{96AE7721-E7F4-4BD7-A8F8-0993CEFBBA2E}.Release|Any CPU.ActiveCfg = Release|Any CPU
		{96AE7721-E7F4-4BD7-A8F8-0993CEFBBA2E}.Release|Any CPU.Build.0 = Release|Any CPU
		{E350E663-5A63-4DD7-91E6-68F26B173967}.Debug|Any CPU.ActiveCfg = Debug|Any CPU
		{E350E663-5A63-4DD7-91E6-68F26B173967}.Debug|Any CPU.Build.0 = Debug|Any CPU
		{E350E663-5A63-4DD7-91E6-68F26B173967}.Release|Any CPU.ActiveCfg = Release|Any CPU
		{E350E663-5A63-4DD7-91E6-68F26B173967}.Release|Any CPU.Build.0 = Release|Any CPU
	EndGlobalSection
	GlobalSection(SolutionProperties) = preSolution
		HideSolutionNode = FALSE
	EndGlobalSection
	GlobalSection(ExtensibilityGlobals) = postSolution
		SolutionGuid = {826917EB-E293-421A-8C83-E4B324C7C0B8}
	EndGlobalSection
EndGlobal
